// !$*UTF8*$!
{
	archiveVersion = 1;
	classes = {
	};
	objectVersion = 50;
	objects = {

/* Begin PBXBuildFile section */
		79F9459E23B45CAA0000AA47 /* AppDelegate.swift in Sources */ = {isa = PBXBuildFile; fileRef = 79F9459D23B45CAA0000AA47 /* AppDelegate.swift */; };
		79F945A223B45CAA0000AA47 /* ViewController.swift in Sources */ = {isa = PBXBuildFile; fileRef = 79F945A123B45CAA0000AA47 /* ViewController.swift */; };
		79F945A523B45CAA0000AA47 /* Main.storyboard in Resources */ = {isa = PBXBuildFile; fileRef = 79F945A323B45CAA0000AA47 /* Main.storyboard */; };
		79F945A723B45CAB0000AA47 /* Assets.xcassets in Resources */ = {isa = PBXBuildFile; fileRef = 79F945A623B45CAB0000AA47 /* Assets.xcassets */; };
		79F945AA23B45CAB0000AA47 /* LaunchScreen.storyboard in Resources */ = {isa = PBXBuildFile; fileRef = 79F945A823B45CAB0000AA47 /* LaunchScreen.storyboard */; };
		79F945B323B489630000AA47 /* Realm.framework in Frameworks */ = {isa = PBXBuildFile; fileRef = 79F945B223B489630000AA47 /* Realm.framework */; };
		79F945B423B489630000AA47 /* Realm.framework in Embed Frameworks */ = {isa = PBXBuildFile; fileRef = 79F945B223B489630000AA47 /* Realm.framework */; settings = {ATTRIBUTES = (CodeSignOnCopy, RemoveHeadersOnCopy, ); }; };
		79F945B723B4896D0000AA47 /* RealmSwift.framework in Frameworks */ = {isa = PBXBuildFile; fileRef = 79F945B623B4896D0000AA47 /* RealmSwift.framework */; };
		79F945B823B4896D0000AA47 /* RealmSwift.framework in Embed Frameworks */ = {isa = PBXBuildFile; fileRef = 79F945B623B4896D0000AA47 /* RealmSwift.framework */; settings = {ATTRIBUTES = (CodeSignOnCopy, RemoveHeadersOnCopy, ); }; };
		79F945BA23B48E810000AA47 /* CreateViewController.swift in Sources */ = {isa = PBXBuildFile; fileRef = 79F945B923B48E810000AA47 /* CreateViewController.swift */; };
		79F945BC23B48E9F0000AA47 /* EditViewController.swift in Sources */ = {isa = PBXBuildFile; fileRef = 79F945BB23B48E9F0000AA47 /* EditViewController.swift */; };
		79F945C423B48F640000AA47 /* femaleTableViewCell.swift in Sources */ = {isa = PBXBuildFile; fileRef = 79F945C223B48F640000AA47 /* femaleTableViewCell.swift */; };
		79F945C523B48F640000AA47 /* femaleTableViewCell.xib in Resources */ = {isa = PBXBuildFile; fileRef = 79F945C323B48F640000AA47 /* femaleTableViewCell.xib */; };
		79F945CB23B4B5D60000AA47 /* RealmRepository.swift in Sources */ = {isa = PBXBuildFile; fileRef = 79F945CA23B4B5D60000AA47 /* RealmRepository.swift */; };
/* End PBXBuildFile section */

/* Begin PBXCopyFilesBuildPhase section */
		79F945B523B489630000AA47 /* Embed Frameworks */ = {
			isa = PBXCopyFilesBuildPhase;
			buildActionMask = 2147483647;
			dstPath = "";
			dstSubfolderSpec = 10;
			files = (
				79F945B823B4896D0000AA47 /* RealmSwift.framework in Embed Frameworks */,
				79F945B423B489630000AA47 /* Realm.framework in Embed Frameworks */,
			);
			name = "Embed Frameworks";
			runOnlyForDeploymentPostprocessing = 0;
		};
/* End PBXCopyFilesBuildPhase section */

/* Begin PBXFileReference section */
		79F9459A23B45CAA0000AA47 /* Realm.app */ = {isa = PBXFileReference; explicitFileType = wrapper.application; includeInIndex = 0; path = Realm.app; sourceTree = BUILT_PRODUCTS_DIR; };
		79F9459D23B45CAA0000AA47 /* AppDelegate.swift */ = {isa = PBXFileReference; lastKnownFileType = sourcecode.swift; path = AppDelegate.swift; sourceTree = "<group>"; };
		79F945A123B45CAA0000AA47 /* ViewController.swift */ = {isa = PBXFileReference; lastKnownFileType = sourcecode.swift; path = ViewController.swift; sourceTree = "<group>"; };
		79F945A423B45CAA0000AA47 /* Base */ = {isa = PBXFileReference; lastKnownFileType = file.storyboard; name = Base; path = Base.lproj/Main.storyboard; sourceTree = "<group>"; };
		79F945A623B45CAB0000AA47 /* Assets.xcassets */ = {isa = PBXFileReference; lastKnownFileType = folder.assetcatalog; path = Assets.xcassets; sourceTree = "<group>"; };
		79F945A923B45CAB0000AA47 /* Base */ = {isa = PBXFileReference; lastKnownFileType = file.storyboard; name = Base; path = Base.lproj/LaunchScreen.storyboard; sourceTree = "<group>"; };
		79F945AB23B45CAB0000AA47 /* Info.plist */ = {isa = PBXFileReference; lastKnownFileType = text.plist.xml; path = Info.plist; sourceTree = "<group>"; };
		79F945B223B489630000AA47 /* Realm.framework */ = {isa = PBXFileReference; lastKnownFileType = wrapper.framework; name = Realm.framework; path = Carthage/Build/iOS/Realm.framework; sourceTree = "<group>"; };
		79F945B623B4896D0000AA47 /* RealmSwift.framework */ = {isa = PBXFileReference; lastKnownFileType = wrapper.framework; name = RealmSwift.framework; path = Carthage/Build/iOS/RealmSwift.framework; sourceTree = "<group>"; };
		79F945B923B48E810000AA47 /* CreateViewController.swift */ = {isa = PBXFileReference; lastKnownFileType = sourcecode.swift; path = CreateViewController.swift; sourceTree = "<group>"; };
		79F945BB23B48E9F0000AA47 /* EditViewController.swift */ = {isa = PBXFileReference; lastKnownFileType = sourcecode.swift; path = EditViewController.swift; sourceTree = "<group>"; };
		79F945C223B48F640000AA47 /* femaleTableViewCell.swift */ = {isa = PBXFileReference; lastKnownFileType = sourcecode.swift; path = femaleTableViewCell.swift; sourceTree = "<group>"; };
		79F945C323B48F640000AA47 /* femaleTableViewCell.xib */ = {isa = PBXFileReference; lastKnownFileType = file.xib; path = femaleTableViewCell.xib; sourceTree = "<group>"; };
		79F945CA23B4B5D60000AA47 /* RealmRepository.swift */ = {isa = PBXFileReference; lastKnownFileType = sourcecode.swift; path = RealmRepository.swift; sourceTree = "<group>"; };
/* End PBXFileReference section */

/* Begin PBXFrameworksBuildPhase section */
		79F9459723B45CAA0000AA47 /* Frameworks */ = {
			isa = PBXFrameworksBuildPhase;
			buildActionMask = 2147483647;
			files = (
				79F945B723B4896D0000AA47 /* RealmSwift.framework in Frameworks */,
				79F945B323B489630000AA47 /* Realm.framework in Frameworks */,
			);
			runOnlyForDeploymentPostprocessing = 0;
		};
/* End PBXFrameworksBuildPhase section */

/* Begin PBXGroup section */
		79F9459123B45CAA0000AA47 = {
			isa = PBXGroup;
			children = (
				79F9459C23B45CAA0000AA47 /* Realm */,
				79F9459B23B45CAA0000AA47 /* Products */,
				79F945B123B489630000AA47 /* Frameworks */,
			);
			sourceTree = "<group>";
		};
		79F9459B23B45CAA0000AA47 /* Products */ = {
			isa = PBXGroup;
			children = (
				79F9459A23B45CAA0000AA47 /* Realm.app */,
			);
			name = Products;
			sourceTree = "<group>";
		};
		79F9459C23B45CAA0000AA47 /* Realm */ = {
			isa = PBXGroup;
			children = (
				79F9459D23B45CAA0000AA47 /* AppDelegate.swift */,
				79F945A123B45CAA0000AA47 /* ViewController.swift */,
				79F945B923B48E810000AA47 /* CreateViewController.swift */,
				79F945BB23B48E9F0000AA47 /* EditViewController.swift */,
				79F945CA23B4B5D60000AA47 /* RealmRepository.swift */,
				79F945BD23B48ED60000AA47 /* TableCell */,
				79F945A323B45CAA0000AA47 /* Main.storyboard */,
				79F945A623B45CAB0000AA47 /* Assets.xcassets */,
				79F945A823B45CAB0000AA47 /* LaunchScreen.storyboard */,
				79F945AB23B45CAB0000AA47 /* Info.plist */,
			);
			path = Realm;
			sourceTree = "<group>";
		};
		79F945B123B489630000AA47 /* Frameworks */ = {
			isa = PBXGroup;
			children = (
				79F945B623B4896D0000AA47 /* RealmSwift.framework */,
				79F945B223B489630000AA47 /* Realm.framework */,
			);
			name = Frameworks;
			sourceTree = "<group>";
		};
		79F945BD23B48ED60000AA47 /* TableCell */ = {
			isa = PBXGroup;
			children = (
				79F945C223B48F640000AA47 /* femaleTableViewCell.swift */,
				79F945C323B48F640000AA47 /* femaleTableViewCell.xib */,
			);
			path = TableCell;
			sourceTree = "<group>";
		};
/* End PBXGroup section */

/* Begin PBXNativeTarget section */
		79F9459923B45CAA0000AA47 /* Realm */ = {
			isa = PBXNativeTarget;
			buildConfigurationList = 79F945AE23B45CAB0000AA47 /* Build configuration list for PBXNativeTarget "Realm" */;
			buildPhases = (
				79F9459623B45CAA0000AA47 /* Sources */,
				79F9459723B45CAA0000AA47 /* Frameworks */,
				79F9459823B45CAA0000AA47 /* Resources */,
				79F945B523B489630000AA47 /* Embed Frameworks */,
			);
			buildRules = (
			);
			dependencies = (
			);
			name = Realm;
			productName = Realm;
			productReference = 79F9459A23B45CAA0000AA47 /* Realm.app */;
			productType = "com.apple.product-type.application";
		};
/* End PBXNativeTarget section */

/* Begin PBXProject section */
		79F9459223B45CAA0000AA47 /* Project object */ = {
			isa = PBXProject;
			attributes = {
				LastSwiftUpdateCheck = 1110;
				LastUpgradeCheck = 1110;
				ORGANIZATIONNAME = "Peerawit Sumangkhlasombat";
				TargetAttributes = {
					79F9459923B45CAA0000AA47 = {
						CreatedOnToolsVersion = 11.1;
					};
				};
			};
			buildConfigurationList = 79F9459523B45CAA0000AA47 /* Build configuration list for PBXProject "Realm" */;
			compatibilityVersion = "Xcode 9.3";
			developmentRegion = en;
			hasScannedForEncodings = 0;
			knownRegions = (
				en,
				Base,
			);
			mainGroup = 79F9459123B45CAA0000AA47;
			productRefGroup = 79F9459B23B45CAA0000AA47 /* Products */;
			projectDirPath = "";
			projectRoot = "";
			targets = (
				79F9459923B45CAA0000AA47 /* Realm */,
			);
		};
/* End PBXProject section */

/* Begin PBXResourcesBuildPhase section */
		79F9459823B45CAA0000AA47 /* Resources */ = {
			isa = PBXResourcesBuildPhase;
			buildActionMask = 2147483647;
			files = (
				79F945AA23B45CAB0000AA47 /* LaunchScreen.storyboard in Resources */,
				79F945C523B48F640000AA47 /* femaleTableViewCell.xib in Resources */,
				79F945A723B45CAB0000AA47 /* Assets.xcassets in Resources */,
				79F945A523B45CAA0000AA47 /* Main.storyboard in Resources */,
			);
			runOnlyForDeploymentPostprocessing = 0;
		};
/* End PBXResourcesBuildPhase section */

/* Begin PBXSourcesBuildPhase section */
		79F9459623B45CAA0000AA47 /* Sources */ = {
			isa = PBXSourcesBuildPhase;
			buildActionMask = 2147483647;
			files = (
				79F945BC23B48E9F0000AA47 /* EditViewController.swift in Sources */,
				79F945A223B45CAA0000AA47 /* ViewController.swift in Sources */,
				79F945C423B48F640000AA47 /* femaleTableViewCell.swift in Sources */,
				79F9459E23B45CAA0000AA47 /* AppDelegate.swift in Sources */,
				79F945BA23B48E810000AA47 /* CreateViewController.swift in Sources */,
				79F945CB23B4B5D60000AA47 /* RealmRepository.swift in Sources */,
			);
			runOnlyForDeploymentPostprocessing = 0;
		};
/* End PBXSourcesBuildPhase section */

/* Begin PBXVariantGroup section */
		79F945A323B45CAA0000AA47 /* Main.storyboard */ = {
			isa = PBXVariantGroup;
			children = (
				79F945A423B45CAA0000AA47 /* Base */,
			);
			name = Main.storyboard;
			sourceTree = "<group>";
		};
		79F945A823B45CAB0000AA47 /* LaunchScreen.storyboard */ = {
			isa = PBXVariantGroup;
			children = (
				79F945A923B45CAB0000AA47 /* Base */,
			);
			name = LaunchScreen.storyboard;
			sourceTree = "<group>";
		};
/* End PBXVariantGroup section */

/* Begin XCBuildConfiguration section */
		79F945AC23B45CAB0000AA47 /* Debug */ = {
			isa = XCBuildConfiguration;
			buildSettings = {
				ALWAYS_SEARCH_USER_PATHS = NO;
				CLANG_ANALYZER_NONNULL = YES;
				CLANG_ANALYZER_NUMBER_OBJECT_CONVERSION = YES_AGGRESSIVE;
				CLANG_CXX_LANGUAGE_STANDARD = "gnu++14";
				CLANG_CXX_LIBRARY = "libc++";
				CLANG_ENABLE_MODULES = YES;
				CLANG_ENABLE_OBJC_ARC = YES;
				CLANG_ENABLE_OBJC_WEAK = YES;
				CLANG_WARN_BLOCK_CAPTURE_AUTORELEASING = YES;
				CLANG_WARN_BOOL_CONVERSION = YES;
				CLANG_WARN_COMMA = YES;
				CLANG_WARN_CONSTANT_CONVERSION = YES;
				CLANG_WARN_DEPRECATED_OBJC_IMPLEMENTATIONS = YES;
				CLANG_WARN_DIRECT_OBJC_ISA_USAGE = YES_ERROR;
				CLANG_WARN_DOCUMENTATION_COMMENTS = YES;
				CLANG_WARN_EMPTY_BODY = YES;
				CLANG_WARN_ENUM_CONVERSION = YES;
				CLANG_WARN_INFINITE_RECURSION = YES;
				CLANG_WARN_INT_CONVERSION = YES;
				CLANG_WARN_NON_LITERAL_NULL_CONVERSION = YES;
				CLANG_WARN_OBJC_IMPLICIT_RETAIN_SELF = YES;
				CLANG_WARN_OBJC_LITERAL_CONVERSION = YES;
				CLANG_WARN_OBJC_ROOT_CLASS = YES_ERROR;
				CLANG_WARN_RANGE_LOOP_ANALYSIS = YES;
				CLANG_WARN_STRICT_PROTOTYPES = YES;
				CLANG_WARN_SUSPICIOUS_MOVE = YES;
				CLANG_WARN_UNGUARDED_AVAILABILITY = YES_AGGRESSIVE;
				CLANG_WARN_UNREACHABLE_CODE = YES;
				CLANG_WARN__DUPLICATE_METHOD_MATCH = YES;
				COPY_PHASE_STRIP = NO;
				DEBUG_INFORMATION_FORMAT = dwarf;
				ENABLE_STRICT_OBJC_MSGSEND = YES;
				ENABLE_TESTABILITY = YES;
				GCC_C_LANGUAGE_STANDARD = gnu11;
				GCC_DYNAMIC_NO_PIC = NO;
				GCC_NO_COMMON_BLOCKS = YES;
				GCC_OPTIMIZATION_LEVEL = 0;
				GCC_PREPROCESSOR_DEFINITIONS = (
					"DEBUG=1",
					"$(inherited)",
				);
				GCC_WARN_64_TO_32_BIT_CONVERSION = YES;
				GCC_WARN_ABOUT_RETURN_TYPE = YES_ERROR;
				GCC_WARN_UNDECLARED_SELECTOR = YES;
				GCC_WARN_UNINITIALIZED_AUTOS = YES_AGGRESSIVE;
				GCC_WARN_UNUSED_FUNCTION = YES;
				GCC_WARN_UNUSED_VARIABLE = YES;
				IPHONEOS_DEPLOYMENT_TARGET = 13.1;
				MTL_ENABLE_DEBUG_INFO = INCLUDE_SOURCE;
				MTL_FAST_MATH = YES;
				ONLY_ACTIVE_ARCH = YES;
				SDKROOT = iphoneos;
				SWIFT_ACTIVE_COMPILATION_CONDITIONS = DEBUG;
				SWIFT_OPTIMIZATION_LEVEL = "-Onone";
			};
			name = Debug;
		};
		79F945AD23B45CAB0000AA47 /* Release */ = {
			isa = XCBuildConfiguration;
			buildSettings = {
				ALWAYS_SEARCH_USER_PATHS = NO;
				CLANG_ANALYZER_NONNULL = YES;
				CLANG_ANALYZER_NUMBER_OBJECT_CONVERSION = YES_AGGRESSIVE;
				CLANG_CXX_LANGUAGE_STANDARD = "gnu++14";
				CLANG_CXX_LIBRARY = "libc++";
				CLANG_ENABLE_MODULES = YES;
				CLANG_ENABLE_OBJC_ARC = YES;
				CLANG_ENABLE_OBJC_WEAK = YES;
				CLANG_WARN_BLOCK_CAPTURE_AUTORELEASING = YES;
				CLANG_WARN_BOOL_CONVERSION = YES;
				CLANG_WARN_COMMA = YES;
				CLANG_WARN_CONSTANT_CONVERSION = YES;
				CLANG_WARN_DEPRECATED_OBJC_IMPLEMENTATIONS = YES;
				CLANG_WARN_DIRECT_OBJC_ISA_USAGE = YES_ERROR;
				CLANG_WARN_DOCUMENTATION_COMMENTS = YES;
				CLANG_WARN_EMPTY_BODY = YES;
				CLANG_WARN_ENUM_CONVERSION = YES;
				CLANG_WARN_INFINITE_RECURSION = YES;
				CLANG_WARN_INT_CONVERSION = YES;
				CLANG_WARN_NON_LITERAL_NULL_CONVERSION = YES;
				CLANG_WARN_OBJC_IMPLICIT_RETAIN_SELF = YES;
				CLANG_WARN_OBJC_LITERAL_CONVERSION = YES;
				CLANG_WARN_OBJC_ROOT_CLASS = YES_ERROR;
				CLANG_WARN_RANGE_LOOP_ANALYSIS = YES;
				CLANG_WARN_STRICT_PROTOTYPES = YES;
				CLANG_WARN_SUSPICIOUS_MOVE = YES;
				CLANG_WARN_UNGUARDED_AVAILABILITY = YES_AGGRESSIVE;
				CLANG_WARN_UNREACHABLE_CODE = YES;
				CLANG_WARN__DUPLICATE_METHOD_MATCH = YES;
				COPY_PHASE_STRIP = NO;
				DEBUG_INFORMATION_FORMAT = "dwarf-with-dsym";
				ENABLE_NS_ASSERTIONS = NO;
				ENABLE_STRICT_OBJC_MSGSEND = YES;
				GCC_C_LANGUAGE_STANDARD = gnu11;
				GCC_NO_COMMON_BLOCKS = YES;
				GCC_WARN_64_TO_32_BIT_CONVERSION = YES;
				GCC_WARN_ABOUT_RETURN_TYPE = YES_ERROR;
				GCC_WARN_UNDECLARED_SELECTOR = YES;
				GCC_WARN_UNINITIALIZED_AUTOS = YES_AGGRESSIVE;
				GCC_WARN_UNUSED_FUNCTION = YES;
				GCC_WARN_UNUSED_VARIABLE = YES;
				IPHONEOS_DEPLOYMENT_TARGET = 13.1;
				MTL_ENABLE_DEBUG_INFO = NO;
				MTL_FAST_MATH = YES;
				SDKROOT = iphoneos;
				SWIFT_COMPILATION_MODE = wholemodule;
				SWIFT_OPTIMIZATION_LEVEL = "-O";
				VALIDATE_PRODUCT = YES;
			};
			name = Release;
		};
		79F945AF23B45CAB0000AA47 /* Debug */ = {
			isa = XCBuildConfiguration;
			buildSettings = {
				ASSETCATALOG_COMPILER_APPICON_NAME = AppIcon;
				CODE_SIGN_STYLE = Automatic;
				DEVELOPMENT_TEAM = G82LL5NMZQ;
				FRAMEWORK_SEARCH_PATHS = (
					"$(inherited)",
					"$(PROJECT_DIR)/Carthage/Build/iOS",
				);
				INFOPLIST_FILE = Realm/Info.plist;
				LD_RUNPATH_SEARCH_PATHS = (
					"$(inherited)",
					"@executable_path/Frameworks",
				);
				PRODUCT_BUNDLE_IDENTIFIER = co.peerawit.Realm;
				PRODUCT_NAME = "$(TARGET_NAME)";
				SWIFT_VERSION = 5.0;
				TARGETED_DEVICE_FAMILY = "1,2";
			};
			name = Debug;
		};
		79F945B023B45CAB0000AA47 /* Release */ = {
			isa = XCBuildConfiguration;
			buildSettings = {
				ASSETCATALOG_COMPILER_APPICON_NAME = AppIcon;
				CODE_SIGN_STYLE = Automatic;
				DEVELOPMENT_TEAM = G82LL5NMZQ;
				FRAMEWORK_SEARCH_PATHS = (
					"$(inherited)",
					"$(PROJECT_DIR)/Carthage/Build/iOS",
				);
				INFOPLIST_FILE = Realm/Info.plist;
				LD_RUNPATH_SEARCH_PATHS = (
					"$(inherited)",
					"@executable_path/Frameworks",
				);
				PRODUCT_BUNDLE_IDENTIFIER = co.peerawit.Realm;
				PRODUCT_NAME = "$(TARGET_NAME)";
				SWIFT_VERSION = 5.0;
				TARGETED_DEVICE_FAMILY = "1,2";
			};
			name = Release;
		};
/* End XCBuildConfiguration section */

/* Begin XCConfigurationList section */
		79F9459523B45CAA0000AA47 /* Build configuration list for PBXProject "Realm" */ = {
			isa = XCConfigurationList;
			buildConfigurations = (
				79F945AC23B45CAB0000AA47 /* Debug */,
				79F945AD23B45CAB0000AA47 /* Release */,
			);
			defaultConfigurationIsVisible = 0;
			defaultConfigurationName = Release;
		};
		79F945AE23B45CAB0000AA47 /* Build configuration list for PBXNativeTarget "Realm" */ = {
			isa = XCConfigurationList;
			buildConfigurations = (
				79F945AF23B45CAB0000AA47 /* Debug */,
				79F945B023B45CAB0000AA47 /* Release */,
			);
			defaultConfigurationIsVisible = 0;
			defaultConfigurationName = Release;
		};
/* End XCConfigurationList section */
	};
	rootObject = 79F9459223B45CAA0000AA47 /* Project object */;
}
